
Microsoft Visual Studio Solution File, Format Version 12.00
# Visual Studio 15
VisualStudioVersion = 15.0.26730.10
MinimumVisualStudioVersion = 10.0.40219.1
Project("{FAE04EC0-301F-11D3-BF4B-00C04F79EFBC}") = "Line", "Line\Line.csproj", "{E4512312-7E12-433D-B2CA-19F6D0A007EC}"
EndProject
Global
	GlobalSection(SolutionConfigurationPlatforms) = preSolution
		Debug|Any CPU = Debug|Any CPU
		Release|Any CPU = Release|Any CPU
	EndGlobalSection
	GlobalSection(ProjectConfigurationPlatforms) = postSolution
		{E4512312-7E12-433D-B2CA-19F6D0A007EC}.Debug|Any CPU.ActiveCfg = Debug|Any CPU
		{E4512312-7E12-433D-B2CA-19F6D0A007EC}.Debug|Any CPU.Build.0 = Debug|Any CPU
		{E4512312-7E12-433D-B2CA-19F6D0A007EC}.Release|Any CPU.ActiveCfg = Release|Any CPU
		{E4512312-7E12-433D-B2CA-19F6D0A007EC}.Release|Any CPU.Build.0 = Release|Any CPU
	EndGlobalSection
	GlobalSection(SolutionProperties) = preSolution
		HideSolutionNode = FALSE
	EndGlobalSection
	GlobalSection(ExtensibilityGlobals) = postSolution
		SolutionGuid = {BCA1B45E-58FA-4D9F-9FC8-E92635E1652F}
	EndGlobalSection
EndGlobal
